
Microsoft Visual Studio Solution File, Format Version 12.00
# Visual Studio 15
VisualStudioVersion = 15.0.27703.2026
MinimumVisualStudioVersion = 10.0.40219.1
Project("{FAE04EC0-301F-11D3-BF4B-00C04F79EFBC}") = "SQLApplication", "SQLApplication\SQLApplication.csproj", "{2AA873DA-1828-4F8F-8BD5-DCA609B205EA}"
EndProject
Global
	GlobalSection(SolutionConfigurationPlatforms) = preSolution
		Debug|Any CPU = Debug|Any CPU
		Release|Any CPU = Release|Any CPU
	EndGlobalSection
	GlobalSection(ProjectConfigurationPlatforms) = postSolution
		{2AA873DA-1828-4F8F-8BD5-DCA609B205EA}.Debug|Any CPU.ActiveCfg = Debug|Any CPU
		{2AA873DA-1828-4F8F-8BD5-DCA609B205EA}.Debug|Any CPU.Build.0 = Debug|Any CPU
		{2AA873DA-1828-4F8F-8BD5-DCA609B205EA}.Release|Any CPU.ActiveCfg = Release|Any CPU
		{2AA873DA-1828-4F8F-8BD5-DCA609B205EA}.Release|Any CPU.Build.0 = Release|Any CPU
	EndGlobalSection
	GlobalSection(SolutionProperties) = preSolution
		HideSolutionNode = FALSE
	EndGlobalSection
	GlobalSection(ExtensibilityGlobals) = postSolution
		SolutionGuid = {BF42ACA7-82E9-4F8A-A24F-A17410AC52A9}
	EndGlobalSection
EndGlobal
